
Microsoft Visual Studio Solution File, Format Version 12.00
# Visual Studio Version 16
VisualStudioVersion = 16.0.29102.190
MinimumVisualStudioVersion = 10.0.40219.1
Project("{9A19103F-16F7-4668-BE54-9A1E7A4F7556}") = "Runpath.Extensions.Logging.AzureEventHubs.Tests", "tests\Runpath.Extensions.Logging.AzureEventHubs.Tests\Runpath.Extensions.Logging.AzureEventHubs.Tests.csproj", "{34EF5237-9B25-4C53-A13F-DA81D7CFD103}"
EndProject
Project("{9A19103F-16F7-4668-BE54-9A1E7A4F7556}") = "Runpath.Extensions.Logging.AzureEventHubs", "src\Runpath.Extensions.Logging.AzureEventHubs\Runpath.Extensions.Logging.AzureEventHubs.csproj", "{339B5B29-D1ED-4780-83A3-17461099F550}"
EndProject
Global
	GlobalSection(SolutionConfigurationPlatforms) = preSolution
		Debug|Any CPU = Debug|Any CPU
		Release|Any CPU = Release|Any CPU
	EndGlobalSection
	GlobalSection(ProjectConfigurationPlatforms) = postSolution
		{34EF5237-9B25-4C53-A13F-DA81D7CFD103}.Debug|Any CPU.ActiveCfg = Debug|Any CPU
		{34EF5237-9B25-4C53-A13F-DA81D7CFD103}.Debug|Any CPU.Build.0 = Debug|Any CPU
		{34EF5237-9B25-4C53-A13F-DA81D7CFD103}.Release|Any CPU.ActiveCfg = Release|Any CPU
		{34EF5237-9B25-4C53-A13F-DA81D7CFD103}.Release|Any CPU.Build.0 = Release|Any CPU
		{339B5B29-D1ED-4780-83A3-17461099F550}.Debug|Any CPU.ActiveCfg = Debug|Any CPU
		{339B5B29-D1ED-4780-83A3-17461099F550}.Debug|Any CPU.Build.0 = Debug|Any CPU
		{339B5B29-D1ED-4780-83A3-17461099F550}.Release|Any CPU.ActiveCfg = Release|Any CPU
		{339B5B29-D1ED-4780-83A3-17461099F550}.Release|Any CPU.Build.0 = Release|Any CPU
	EndGlobalSection
	GlobalSection(SolutionProperties) = preSolution
		HideSolutionNode = FALSE
	EndGlobalSection
	GlobalSection(ExtensibilityGlobals) = postSolution
		SolutionGuid = {C59C9FD0-A789-4E0A-A768-9D364B60311C}
	EndGlobalSection
EndGlobal
